
Microsoft Visual Studio Solution File, Format Version 12.00
# Visual Studio Version 17
VisualStudioVersion = 17.13.35931.197 d17.13
MinimumVisualStudioVersion = 10.0.40219.1
Project("{FAE04EC0-301F-11D3-BF4B-00C04F79EFBC}") = "Sistema de Gestión de Trámites", "Sistema de Gestión de Trámites\Sistema de Gestión de Trámites.csproj", "{94B05270-5782-4EF7-9E70-9286CD8F1B43}"
EndProject
Global
	GlobalSection(SolutionConfigurationPlatforms) = preSolution
		Debug|Any CPU = Debug|Any CPU
		Release|Any CPU = Release|Any CPU
	EndGlobalSection
	GlobalSection(ProjectConfigurationPlatforms) = postSolution
		{94B05270-5782-4EF7-9E70-9286CD8F1B43}.Debug|Any CPU.ActiveCfg = Debug|Any CPU
		{94B05270-5782-4EF7-9E70-9286CD8F1B43}.Debug|Any CPU.Build.0 = Debug|Any CPU
		{94B05270-5782-4EF7-9E70-9286CD8F1B43}.Release|Any CPU.ActiveCfg = Release|Any CPU
		{94B05270-5782-4EF7-9E70-9286CD8F1B43}.Release|Any CPU.Build.0 = Release|Any CPU
	EndGlobalSection
	GlobalSection(SolutionProperties) = preSolution
		HideSolutionNode = FALSE
	EndGlobalSection
	GlobalSection(ExtensibilityGlobals) = postSolution
		SolutionGuid = {36B43818-EB76-447C-A3FA-B1F71D49ED88}
	EndGlobalSection
EndGlobal
